
Microsoft Visual Studio Solution File, Format Version 12.00
# Visual Studio Version 16
VisualStudioVersion = 16.0.30907.101
MinimumVisualStudioVersion = 10.0.40219.1
Project("{9A19103F-16F7-4668-BE54-9A1E7A4F7556}") = "EntityFrameworkGuia.Server", "Server\EntityFrameworkGuia.Server.csproj", "{18275B48-ED88-415E-9D44-CAFC4F128F58}"
EndProject
Project("{9A19103F-16F7-4668-BE54-9A1E7A4F7556}") = "EntityFrameworkGuia.Client", "Client\EntityFrameworkGuia.Client.csproj", "{7188A741-3795-433F-80FE-00039FBAD383}"
EndProject
Project("{9A19103F-16F7-4668-BE54-9A1E7A4F7556}") = "EntityFrameworkGuia.Shared", "Shared\EntityFrameworkGuia.Shared.csproj", "{698930E4-3B75-42BD-A282-D7DD5BDEA6C7}"
EndProject
Global
	GlobalSection(SolutionConfigurationPlatforms) = preSolution
		Debug|Any CPU = Debug|Any CPU
		Release|Any CPU = Release|Any CPU
	EndGlobalSection
	GlobalSection(ProjectConfigurationPlatforms) = postSolution
		{18275B48-ED88-415E-9D44-CAFC4F128F58}.Debug|Any CPU.ActiveCfg = Debug|Any CPU
		{18275B48-ED88-415E-9D44-CAFC4F128F58}.Debug|Any CPU.Build.0 = Debug|Any CPU
		{18275B48-ED88-415E-9D44-CAFC4F128F58}.Release|Any CPU.ActiveCfg = Release|Any CPU
		{18275B48-ED88-415E-9D44-CAFC4F128F58}.Release|Any CPU.Build.0 = Release|Any CPU
		{7188A741-3795-433F-80FE-00039FBAD383}.Debug|Any CPU.ActiveCfg = Debug|Any CPU
		{7188A741-3795-433F-80FE-00039FBAD383}.Debug|Any CPU.Build.0 = Debug|Any CPU
		{7188A741-3795-433F-80FE-00039FBAD383}.Release|Any CPU.ActiveCfg = Release|Any CPU
		{7188A741-3795-433F-80FE-00039FBAD383}.Release|Any CPU.Build.0 = Release|Any CPU
		{698930E4-3B75-42BD-A282-D7DD5BDEA6C7}.Debug|Any CPU.ActiveCfg = Debug|Any CPU
		{698930E4-3B75-42BD-A282-D7DD5BDEA6C7}.Debug|Any CPU.Build.0 = Debug|Any CPU
		{698930E4-3B75-42BD-A282-D7DD5BDEA6C7}.Release|Any CPU.ActiveCfg = Release|Any CPU
		{698930E4-3B75-42BD-A282-D7DD5BDEA6C7}.Release|Any CPU.Build.0 = Release|Any CPU
	EndGlobalSection
	GlobalSection(SolutionProperties) = preSolution
		HideSolutionNode = FALSE
	EndGlobalSection
	GlobalSection(ExtensibilityGlobals) = postSolution
		SolutionGuid = {7D1FC345-699B-4A73-AB94-3E050FE077F8}
	EndGlobalSection
EndGlobal
